
Microsoft Visual Studio Solution File, Format Version 12.00
# Visual Studio Version 17
VisualStudioVersion = 17.14.37314.3 d17.14
MinimumVisualStudioVersion = 10.0.40219.1
Project("{FAE04EC0-301F-11D3-BF4B-00C04F79EFBC}") = "DBOperationsWithEFCoreApp", "DBOperationsWithEFCoreApp\DBOperationsWithEFCoreApp.csproj", "{6C72ED87-D6E1-4038-A868-CC00CDAA4357}"
EndProject
Global
	GlobalSection(SolutionConfigurationPlatforms) = preSolution
		Debug|Any CPU = Debug|Any CPU
		Release|Any CPU = Release|Any CPU
	EndGlobalSection
	GlobalSection(ProjectConfigurationPlatforms) = postSolution
		{6C72ED87-D6E1-4038-A868-CC00CDAA4357}.Debug|Any CPU.ActiveCfg = Debug|Any CPU
		{6C72ED87-D6E1-4038-A868-CC00CDAA4357}.Debug|Any CPU.Build.0 = Debug|Any CPU
		{6C72ED87-D6E1-4038-A868-CC00CDAA4357}.Release|Any CPU.ActiveCfg = Release|Any CPU
		{6C72ED87-D6E1-4038-A868-CC00CDAA4357}.Release|Any CPU.Build.0 = Release|Any CPU
	EndGlobalSection
	GlobalSection(SolutionProperties) = preSolution
		HideSolutionNode = FALSE
	EndGlobalSection
	GlobalSection(ExtensibilityGlobals) = postSolution
		SolutionGuid = {1A8EAF32-8CC7-4CE9-AD46-BA4FB8800C9D}
	EndGlobalSection
EndGlobal
